
Microsoft Visual Studio Solution File, Format Version 12.00
# Visual Studio Version 17
VisualStudioVersion = 17.4.33213.308
MinimumVisualStudioVersion = 10.0.40219.1
Project("{FAE04EC0-301F-11D3-BF4B-00C04F79EFBC}") = "WebWallet", "WebWallet\WebWallet.csproj", "{52C3DDE1-60AD-4575-A122-7D5C3BF91043}"
EndProject
Global
	GlobalSection(SolutionConfigurationPlatforms) = preSolution
		Debug|Any CPU = Debug|Any CPU
		Release|Any CPU = Release|Any CPU
	EndGlobalSection
	GlobalSection(ProjectConfigurationPlatforms) = postSolution
		{52C3DDE1-60AD-4575-A122-7D5C3BF91043}.Debug|Any CPU.ActiveCfg = Debug|Any CPU
		{52C3DDE1-60AD-4575-A122-7D5C3BF91043}.Debug|Any CPU.Build.0 = Debug|Any CPU
		{52C3DDE1-60AD-4575-A122-7D5C3BF91043}.Release|Any CPU.ActiveCfg = Release|Any CPU
		{52C3DDE1-60AD-4575-A122-7D5C3BF91043}.Release|Any CPU.Build.0 = Release|Any CPU
	EndGlobalSection
	GlobalSection(SolutionProperties) = preSolution
		HideSolutionNode = FALSE
	EndGlobalSection
	GlobalSection(ExtensibilityGlobals) = postSolution
		SolutionGuid = {D9FD4048-F64D-42DA-B25C-D63ADBA16CB3}
	EndGlobalSection
EndGlobal
